
Microsoft Visual Studio Solution File, Format Version 12.00
# Visual Studio Version 17
VisualStudioVersion = 17.14.36429.23
MinimumVisualStudioVersion = 10.0.40219.1
Project("{FAE04EC0-301F-11D3-BF4B-00C04F79EFBC}") = "Bridge", "Bridge\Bridge.csproj", "{D9B91E18-3F9E-41DA-BDDF-AC5F4BD1C345}"
EndProject
Project("{FAE04EC0-301F-11D3-BF4B-00C04F79EFBC}") = "TestProject", "TestProject\TestProject.csproj", "{968BC6C4-4F0F-4916-807B-561BB0FBEFF1}"
EndProject
Project("{FAE04EC0-301F-11D3-BF4B-00C04F79EFBC}") = "StoreBaeltTicketLibrary", "StoreBaeltTicketLibrary\StoreBaeltTicketLibrary.csproj", "{40C434F0-C34D-4179-85DC-1A2B2086DECF}"
EndProject
Project("{FAE04EC0-301F-11D3-BF4B-00C04F79EFBC}") = "OresundbronLibrary", "OresundbronLibrary\OresundbronLibrary.csproj", "{4422B25E-B60C-4EC1-A3FB-F4563E42F222}"
EndProject
Global
	GlobalSection(SolutionConfigurationPlatforms) = preSolution
		Debug|Any CPU = Debug|Any CPU
		Release|Any CPU = Release|Any CPU
	EndGlobalSection
	GlobalSection(ProjectConfigurationPlatforms) = postSolution
		{D9B91E18-3F9E-41DA-BDDF-AC5F4BD1C345}.Debug|Any CPU.ActiveCfg = Debug|Any CPU
		{D9B91E18-3F9E-41DA-BDDF-AC5F4BD1C345}.Debug|Any CPU.Build.0 = Debug|Any CPU
		{D9B91E18-3F9E-41DA-BDDF-AC5F4BD1C345}.Release|Any CPU.ActiveCfg = Release|Any CPU
		{D9B91E18-3F9E-41DA-BDDF-AC5F4BD1C345}.Release|Any CPU.Build.0 = Release|Any CPU
		{968BC6C4-4F0F-4916-807B-561BB0FBEFF1}.Debug|Any CPU.ActiveCfg = Debug|Any CPU
		{968BC6C4-4F0F-4916-807B-561BB0FBEFF1}.Debug|Any CPU.Build.0 = Debug|Any CPU
		{968BC6C4-4F0F-4916-807B-561BB0FBEFF1}.Release|Any CPU.ActiveCfg = Release|Any CPU
		{968BC6C4-4F0F-4916-807B-561BB0FBEFF1}.Release|Any CPU.Build.0 = Release|Any CPU
		{40C434F0-C34D-4179-85DC-1A2B2086DECF}.Debug|Any CPU.ActiveCfg = Debug|Any CPU
		{40C434F0-C34D-4179-85DC-1A2B2086DECF}.Debug|Any CPU.Build.0 = Debug|Any CPU
		{40C434F0-C34D-4179-85DC-1A2B2086DECF}.Release|Any CPU.ActiveCfg = Release|Any CPU
		{40C434F0-C34D-4179-85DC-1A2B2086DECF}.Release|Any CPU.Build.0 = Release|Any CPU
		{4422B25E-B60C-4EC1-A3FB-F4563E42F222}.Debug|Any CPU.ActiveCfg = Debug|Any CPU
		{4422B25E-B60C-4EC1-A3FB-F4563E42F222}.Debug|Any CPU.Build.0 = Debug|Any CPU
		{4422B25E-B60C-4EC1-A3FB-F4563E42F222}.Release|Any CPU.ActiveCfg = Release|Any CPU
		{4422B25E-B60C-4EC1-A3FB-F4563E42F222}.Release|Any CPU.Build.0 = Release|Any CPU
	EndGlobalSection
	GlobalSection(SolutionProperties) = preSolution
		HideSolutionNode = FALSE
	EndGlobalSection
	GlobalSection(ExtensibilityGlobals) = postSolution
		SolutionGuid = {5656450A-0027-4625-ABD6-35AF775F6F56}
	EndGlobalSection
EndGlobal
